
Microsoft Visual Studio Solution File, Format Version 12.00
# Visual Studio 15
VisualStudioVersion = 15.0.26228.4
MinimumVisualStudioVersion = 10.0.40219.1
Project("{2150E333-8FDC-42A3-9474-1A3956D46DE8}") = "src", "src", "{B1E46CB5-2ADC-4362-8BC2-472FE1C96F32}"
EndProject
Project("{2150E333-8FDC-42A3-9474-1A3956D46DE8}") = "test", "test", "{C2C8A8BD-293B-4D94-8AAE-BB3E5D3A691D}"
EndProject
Project("{9A19103F-16F7-4668-BE54-9A1E7A4F7556}") = "MaterialDesignLite.TagHelpers", "src\MaterialDesignLite.TagHelpers\MaterialDesignLite.TagHelpers.csproj", "{4483CCF8-629C-4153-9B53-F3915CECD985}"
EndProject
Project("{9A19103F-16F7-4668-BE54-9A1E7A4F7556}") = "MaterialDesignLite.WebSample", "src\MaterialDesignLite.WebSample\MaterialDesignLite.WebSample.csproj", "{77FD5764-300D-444A-BD34-4BE2E32343EC}"
EndProject
Project("{9A19103F-16F7-4668-BE54-9A1E7A4F7556}") = "MaterialDesignLite.TagHelpers.Tests", "test\MaterialDesignLite.TagHelpers.Tests\MaterialDesignLite.TagHelpers.Tests.csproj", "{321EBF7A-B992-4C78-BAEC-4B4FEF495E57}"
EndProject
Global
	GlobalSection(SolutionConfigurationPlatforms) = preSolution
		Debug|Any CPU = Debug|Any CPU
		Release|Any CPU = Release|Any CPU
	EndGlobalSection
	GlobalSection(ProjectConfigurationPlatforms) = postSolution
		{4483CCF8-629C-4153-9B53-F3915CECD985}.Debug|Any CPU.ActiveCfg = Debug|Any CPU
		{4483CCF8-629C-4153-9B53-F3915CECD985}.Debug|Any CPU.Build.0 = Debug|Any CPU
		{4483CCF8-629C-4153-9B53-F3915CECD985}.Release|Any CPU.ActiveCfg = Release|Any CPU
		{4483CCF8-629C-4153-9B53-F3915CECD985}.Release|Any CPU.Build.0 = Release|Any CPU
		{77FD5764-300D-444A-BD34-4BE2E32343EC}.Debug|Any CPU.ActiveCfg = Debug|Any CPU
		{77FD5764-300D-444A-BD34-4BE2E32343EC}.Debug|Any CPU.Build.0 = Debug|Any CPU
		{77FD5764-300D-444A-BD34-4BE2E32343EC}.Release|Any CPU.ActiveCfg = Release|Any CPU
		{77FD5764-300D-444A-BD34-4BE2E32343EC}.Release|Any CPU.Build.0 = Release|Any CPU
		{321EBF7A-B992-4C78-BAEC-4B4FEF495E57}.Debug|Any CPU.ActiveCfg = Debug|Any CPU
		{321EBF7A-B992-4C78-BAEC-4B4FEF495E57}.Debug|Any CPU.Build.0 = Debug|Any CPU
		{321EBF7A-B992-4C78-BAEC-4B4FEF495E57}.Release|Any CPU.ActiveCfg = Release|Any CPU
		{321EBF7A-B992-4C78-BAEC-4B4FEF495E57}.Release|Any CPU.Build.0 = Release|Any CPU
	EndGlobalSection
	GlobalSection(SolutionProperties) = preSolution
		HideSolutionNode = FALSE
	EndGlobalSection
	GlobalSection(NestedProjects) = preSolution
		{4483CCF8-629C-4153-9B53-F3915CECD985} = {B1E46CB5-2ADC-4362-8BC2-472FE1C96F32}
		{77FD5764-300D-444A-BD34-4BE2E32343EC} = {B1E46CB5-2ADC-4362-8BC2-472FE1C96F32}
		{321EBF7A-B992-4C78-BAEC-4B4FEF495E57} = {C2C8A8BD-293B-4D94-8AAE-BB3E5D3A691D}
	EndGlobalSection
EndGlobal
